
Microsoft Visual Studio Solution File, Format Version 12.00
# Visual Studio Version 17
VisualStudioVersion = 17.10.35027.167
MinimumVisualStudioVersion = 10.0.40219.1
Project("{9A19103F-16F7-4668-BE54-9A1E7A4F7556}") = "TaskManager.TeamApi", "GerenciadorDeTarefas.EquipeApi\TaskManager.TeamApi.csproj", "{5EE624FC-55AE-42CC-A6FD-78BE04218BDE}"
EndProject
Project("{9A19103F-16F7-4668-BE54-9A1E7A4F7556}") = "TaskManager.TaskApi", "GerenciadorDeTarefas.TarefaApi\TaskManager.TaskApi.csproj", "{52B1570A-85ED-4975-80FF-C16ABE3EA39A}"
EndProject
Project("{2150E333-8FDC-42A3-9474-1A3956D46DE8}") = "TeamApi", "TeamApi", "{8AFF73DA-6B67-4AD4-8507-CAAAAC7A9A73}"
EndProject
Project("{2150E333-8FDC-42A3-9474-1A3956D46DE8}") = "Task", "Task", "{4CAED5EB-F7B7-43D6-AAFC-423AE9ACF53A}"
EndProject
Project("{9A19103F-16F7-4668-BE54-9A1E7A4F7556}") = "TaskManager.TeamApi.Domain", "GerenciadorDeTarefas.Equipe.Dominio\TaskManager.TeamApi.Domain.csproj", "{5368141A-A828-4A6B-9550-9F56C6E5A637}"
EndProject
Project("{9A19103F-16F7-4668-BE54-9A1E7A4F7556}") = "TaskManager.TeamApi.Infra", "TaskManager.TeamApi.Infra\TaskManager.TeamApi.Infra.csproj", "{D1F80891-17F7-4E2B-9713-A4759B656DAC}"
EndProject
Project("{9A19103F-16F7-4668-BE54-9A1E7A4F7556}") = "TaskManager.TeamApi.Test", "TaskManager.TeamApi.Test\TaskManager.TeamApi.Test.csproj", "{38773348-7840-42EF-8195-DAD9835AAF00}"
EndProject
Project("{FAE04EC0-301F-11D3-BF4B-00C04F79EFBC}") = "TaskManager.ApiGateway", "TaskManager.ApiGateway\TaskManager.ApiGateway.csproj", "{7B15A2B8-B15A-44B5-ABB5-37AEC60B7ECB}"
EndProject
Project("{FAE04EC0-301F-11D3-BF4B-00C04F79EFBC}") = "TaskManager.TaskApi.Domain", "TaskManager.TaskApi.Domain\TaskManager.TaskApi.Domain.csproj", "{96968A00-A895-46C8-AD0C-58181C7D992F}"
EndProject
Project("{FAE04EC0-301F-11D3-BF4B-00C04F79EFBC}") = "TaskManager.TaskApi.Infra", "TaskManager.TaskApi.Infra\TaskManager.TaskApi.Infra.csproj", "{B626D957-C582-4B3B-8318-99AF3D7B25D3}"
EndProject
Project("{FAE04EC0-301F-11D3-BF4B-00C04F79EFBC}") = "TaskManager.TaskApi.Test", "TaskManager.TaskApi.Test\TaskManager.TaskApi.Test.csproj", "{B1F7A251-87E5-49BD-A66C-0A1B7AAC0646}"
EndProject
Project("{FAE04EC0-301F-11D3-BF4B-00C04F79EFBC}") = "TaskManager.TaskApi.Service", "TaskManager.TaskApi.Services\TaskManager.TaskApi.Service.csproj", "{FFD23793-A3E1-4934-9FDF-0D62C3345EFC}"
EndProject
Global
	GlobalSection(SolutionConfigurationPlatforms) = preSolution
		Debug|Any CPU = Debug|Any CPU
		Release|Any CPU = Release|Any CPU
	EndGlobalSection
	GlobalSection(ProjectConfigurationPlatforms) = postSolution
		{5EE624FC-55AE-42CC-A6FD-78BE04218BDE}.Debug|Any CPU.ActiveCfg = Debug|Any CPU
		{5EE624FC-55AE-42CC-A6FD-78BE04218BDE}.Debug|Any CPU.Build.0 = Debug|Any CPU
		{5EE624FC-55AE-42CC-A6FD-78BE04218BDE}.Release|Any CPU.ActiveCfg = Release|Any CPU
		{5EE624FC-55AE-42CC-A6FD-78BE04218BDE}.Release|Any CPU.Build.0 = Release|Any CPU
		{52B1570A-85ED-4975-80FF-C16ABE3EA39A}.Debug|Any CPU.ActiveCfg = Debug|Any CPU
		{52B1570A-85ED-4975-80FF-C16ABE3EA39A}.Debug|Any CPU.Build.0 = Debug|Any CPU
		{52B1570A-85ED-4975-80FF-C16ABE3EA39A}.Release|Any CPU.ActiveCfg = Release|Any CPU
		{52B1570A-85ED-4975-80FF-C16ABE3EA39A}.Release|Any CPU.Build.0 = Release|Any CPU
		{5368141A-A828-4A6B-9550-9F56C6E5A637}.Debug|Any CPU.ActiveCfg = Debug|Any CPU
		{5368141A-A828-4A6B-9550-9F56C6E5A637}.Debug|Any CPU.Build.0 = Debug|Any CPU
		{5368141A-A828-4A6B-9550-9F56C6E5A637}.Release|Any CPU.ActiveCfg = Release|Any CPU
		{5368141A-A828-4A6B-9550-9F56C6E5A637}.Release|Any CPU.Build.0 = Release|Any CPU
		{D1F80891-17F7-4E2B-9713-A4759B656DAC}.Debug|Any CPU.ActiveCfg = Debug|Any CPU
		{D1F80891-17F7-4E2B-9713-A4759B656DAC}.Debug|Any CPU.Build.0 = Debug|Any CPU
		{D1F80891-17F7-4E2B-9713-A4759B656DAC}.Release|Any CPU.ActiveCfg = Release|Any CPU
		{D1F80891-17F7-4E2B-9713-A4759B656DAC}.Release|Any CPU.Build.0 = Release|Any CPU
		{38773348-7840-42EF-8195-DAD9835AAF00}.Debug|Any CPU.ActiveCfg = Debug|Any CPU
		{38773348-7840-42EF-8195-DAD9835AAF00}.Debug|Any CPU.Build.0 = Debug|Any CPU
		{38773348-7840-42EF-8195-DAD9835AAF00}.Release|Any CPU.ActiveCfg = Release|Any CPU
		{38773348-7840-42EF-8195-DAD9835AAF00}.Release|Any CPU.Build.0 = Release|Any CPU
		{7B15A2B8-B15A-44B5-ABB5-37AEC60B7ECB}.Debug|Any CPU.ActiveCfg = Debug|Any CPU
		{7B15A2B8-B15A-44B5-ABB5-37AEC60B7ECB}.Debug|Any CPU.Build.0 = Debug|Any CPU
		{7B15A2B8-B15A-44B5-ABB5-37AEC60B7ECB}.Release|Any CPU.ActiveCfg = Release|Any CPU
		{7B15A2B8-B15A-44B5-ABB5-37AEC60B7ECB}.Release|Any CPU.Build.0 = Release|Any CPU
		{96968A00-A895-46C8-AD0C-58181C7D992F}.Debug|Any CPU.ActiveCfg = Debug|Any CPU
		{96968A00-A895-46C8-AD0C-58181C7D992F}.Debug|Any CPU.Build.0 = Debug|Any CPU
		{96968A00-A895-46C8-AD0C-58181C7D992F}.Release|Any CPU.ActiveCfg = Release|Any CPU
		{96968A00-A895-46C8-AD0C-58181C7D992F}.Release|Any CPU.Build.0 = Release|Any CPU
		{B626D957-C582-4B3B-8318-99AF3D7B25D3}.Debug|Any CPU.ActiveCfg = Debug|Any CPU
		{B626D957-C582-4B3B-8318-99AF3D7B25D3}.Debug|Any CPU.Build.0 = Debug|Any CPU
		{B626D957-C582-4B3B-8318-99AF3D7B25D3}.Release|Any CPU.ActiveCfg = Release|Any CPU
		{B626D957-C582-4B3B-8318-99AF3D7B25D3}.Release|Any CPU.Build.0 = Release|Any CPU
		{B1F7A251-87E5-49BD-A66C-0A1B7AAC0646}.Debug|Any CPU.ActiveCfg = Debug|Any CPU
		{B1F7A251-87E5-49BD-A66C-0A1B7AAC0646}.Debug|Any CPU.Build.0 = Debug|Any CPU
		{B1F7A251-87E5-49BD-A66C-0A1B7AAC0646}.Release|Any CPU.ActiveCfg = Release|Any CPU
		{B1F7A251-87E5-49BD-A66C-0A1B7AAC0646}.Release|Any CPU.Build.0 = Release|Any CPU
		{FFD23793-A3E1-4934-9FDF-0D62C3345EFC}.Debug|Any CPU.ActiveCfg = Debug|Any CPU
		{FFD23793-A3E1-4934-9FDF-0D62C3345EFC}.Debug|Any CPU.Build.0 = Debug|Any CPU
		{FFD23793-A3E1-4934-9FDF-0D62C3345EFC}.Release|Any CPU.ActiveCfg = Release|Any CPU
		{FFD23793-A3E1-4934-9FDF-0D62C3345EFC}.Release|Any CPU.Build.0 = Release|Any CPU
	EndGlobalSection
	GlobalSection(SolutionProperties) = preSolution
		HideSolutionNode = FALSE
	EndGlobalSection
	GlobalSection(NestedProjects) = preSolution
		{5EE624FC-55AE-42CC-A6FD-78BE04218BDE} = {8AFF73DA-6B67-4AD4-8507-CAAAAC7A9A73}
		{52B1570A-85ED-4975-80FF-C16ABE3EA39A} = {4CAED5EB-F7B7-43D6-AAFC-423AE9ACF53A}
		{5368141A-A828-4A6B-9550-9F56C6E5A637} = {8AFF73DA-6B67-4AD4-8507-CAAAAC7A9A73}
		{D1F80891-17F7-4E2B-9713-A4759B656DAC} = {8AFF73DA-6B67-4AD4-8507-CAAAAC7A9A73}
		{38773348-7840-42EF-8195-DAD9835AAF00} = {8AFF73DA-6B67-4AD4-8507-CAAAAC7A9A73}
		{96968A00-A895-46C8-AD0C-58181C7D992F} = {4CAED5EB-F7B7-43D6-AAFC-423AE9ACF53A}
		{B626D957-C582-4B3B-8318-99AF3D7B25D3} = {4CAED5EB-F7B7-43D6-AAFC-423AE9ACF53A}
		{B1F7A251-87E5-49BD-A66C-0A1B7AAC0646} = {4CAED5EB-F7B7-43D6-AAFC-423AE9ACF53A}
		{FFD23793-A3E1-4934-9FDF-0D62C3345EFC} = {4CAED5EB-F7B7-43D6-AAFC-423AE9ACF53A}
	EndGlobalSection
	GlobalSection(ExtensibilityGlobals) = postSolution
		SolutionGuid = {9CE82F99-3731-4960-83BB-833848AD3724}
	EndGlobalSection
EndGlobal
